
Microsoft Visual Studio Solution File, Format Version 12.00
# Visual Studio Version 16
VisualStudioVersion = 16.0.29521.150
MinimumVisualStudioVersion = 10.0.40219.1
Project("{FAE04EC0-301F-11D3-BF4B-00C04F79EFBC}") = "Xamarin4ShellAppDemo.Android", "Xamarin4ShellAppDemo\Xamarin4ShellAppDemo.Android\Xamarin4ShellAppDemo.Android.csproj", "{021D03F7-7E15-4709-A567-1939B8B3449F}"
EndProject
Project("{FAE04EC0-301F-11D3-BF4B-00C04F79EFBC}") = "Xamarin4ShellAppDemo.iOS", "Xamarin4ShellAppDemo\Xamarin4ShellAppDemo.iOS\Xamarin4ShellAppDemo.iOS.csproj", "{3E18B577-E362-4FB7-9724-C3C80E6BB12A}"
EndProject
Project("{FAE04EC0-301F-11D3-BF4B-00C04F79EFBC}") = "Xamarin4ShellAppDemo", "Xamarin4ShellAppDemo\Xamarin4ShellAppDemo\Xamarin4ShellAppDemo.csproj", "{0AC9C783-4740-461B-9227-9FEA4DB176D4}"
EndProject
Global
	GlobalSection(SolutionConfigurationPlatforms) = preSolution
		Debug|Any CPU = Debug|Any CPU
		Debug|iPhone = Debug|iPhone
		Debug|iPhoneSimulator = Debug|iPhoneSimulator
		Release|Any CPU = Release|Any CPU
		Release|iPhone = Release|iPhone
		Release|iPhoneSimulator = Release|iPhoneSimulator
	EndGlobalSection
	GlobalSection(ProjectConfigurationPlatforms) = postSolution
		{021D03F7-7E15-4709-A567-1939B8B3449F}.Debug|Any CPU.ActiveCfg = Debug|Any CPU
		{021D03F7-7E15-4709-A567-1939B8B3449F}.Debug|Any CPU.Build.0 = Debug|Any CPU
		{021D03F7-7E15-4709-A567-1939B8B3449F}.Debug|Any CPU.Deploy.0 = Debug|Any CPU
		{021D03F7-7E15-4709-A567-1939B8B3449F}.Debug|iPhone.ActiveCfg = Debug|Any CPU
		{021D03F7-7E15-4709-A567-1939B8B3449F}.Debug|iPhone.Build.0 = Debug|Any CPU
		{021D03F7-7E15-4709-A567-1939B8B3449F}.Debug|iPhone.Deploy.0 = Debug|Any CPU
		{021D03F7-7E15-4709-A567-1939B8B3449F}.Debug|iPhoneSimulator.ActiveCfg = Debug|Any CPU
		{021D03F7-7E15-4709-A567-1939B8B3449F}.Debug|iPhoneSimulator.Build.0 = Debug|Any CPU
		{021D03F7-7E15-4709-A567-1939B8B3449F}.Debug|iPhoneSimulator.Deploy.0 = Debug|Any CPU
		{021D03F7-7E15-4709-A567-1939B8B3449F}.Release|Any CPU.ActiveCfg = Release|Any CPU
		{021D03F7-7E15-4709-A567-1939B8B3449F}.Release|Any CPU.Build.0 = Release|Any CPU
		{021D03F7-7E15-4709-A567-1939B8B3449F}.Release|Any CPU.Deploy.0 = Release|Any CPU
		{021D03F7-7E15-4709-A567-1939B8B3449F}.Release|iPhone.ActiveCfg = Release|Any CPU
		{021D03F7-7E15-4709-A567-1939B8B3449F}.Release|iPhone.Build.0 = Release|Any CPU
		{021D03F7-7E15-4709-A567-1939B8B3449F}.Release|iPhone.Deploy.0 = Release|Any CPU
		{021D03F7-7E15-4709-A567-1939B8B3449F}.Release|iPhoneSimulator.ActiveCfg = Release|Any CPU
		{021D03F7-7E15-4709-A567-1939B8B3449F}.Release|iPhoneSimulator.Build.0 = Release|Any CPU
		{021D03F7-7E15-4709-A567-1939B8B3449F}.Release|iPhoneSimulator.Deploy.0 = Release|Any CPU
		{3E18B577-E362-4FB7-9724-C3C80E6BB12A}.Debug|Any CPU.ActiveCfg = Debug|iPhoneSimulator
		{3E18B577-E362-4FB7-9724-C3C80E6BB12A}.Debug|Any CPU.Build.0 = Debug|iPhoneSimulator
		{3E18B577-E362-4FB7-9724-C3C80E6BB12A}.Debug|Any CPU.Deploy.0 = Debug|iPhoneSimulator
		{3E18B577-E362-4FB7-9724-C3C80E6BB12A}.Debug|iPhone.ActiveCfg = Debug|iPhone
		{3E18B577-E362-4FB7-9724-C3C80E6BB12A}.Debug|iPhone.Build.0 = Debug|iPhone
		{3E18B577-E362-4FB7-9724-C3C80E6BB12A}.Debug|iPhone.Deploy.0 = Debug|iPhone
		{3E18B577-E362-4FB7-9724-C3C80E6BB12A}.Debug|iPhoneSimulator.ActiveCfg = Debug|iPhoneSimulator
		{3E18B577-E362-4FB7-9724-C3C80E6BB12A}.Debug|iPhoneSimulator.Build.0 = Debug|iPhoneSimulator
		{3E18B577-E362-4FB7-9724-C3C80E6BB12A}.Debug|iPhoneSimulator.Deploy.0 = Debug|iPhoneSimulator
		{3E18B577-E362-4FB7-9724-C3C80E6BB12A}.Release|Any CPU.ActiveCfg = Release|iPhone
		{3E18B577-E362-4FB7-9724-C3C80E6BB12A}.Release|Any CPU.Build.0 = Release|iPhone
		{3E18B577-E362-4FB7-9724-C3C80E6BB12A}.Release|Any CPU.Deploy.0 = Release|iPhone
		{3E18B577-E362-4FB7-9724-C3C80E6BB12A}.Release|iPhone.ActiveCfg = Release|iPhone
		{3E18B577-E362-4FB7-9724-C3C80E6BB12A}.Release|iPhone.Build.0 = Release|iPhone
		{3E18B577-E362-4FB7-9724-C3C80E6BB12A}.Release|iPhone.Deploy.0 = Release|iPhone
		{3E18B577-E362-4FB7-9724-C3C80E6BB12A}.Release|iPhoneSimulator.ActiveCfg = Release|iPhoneSimulator
		{3E18B577-E362-4FB7-9724-C3C80E6BB12A}.Release|iPhoneSimulator.Build.0 = Release|iPhoneSimulator
		{3E18B577-E362-4FB7-9724-C3C80E6BB12A}.Release|iPhoneSimulator.Deploy.0 = Release|iPhoneSimulator
		{0AC9C783-4740-461B-9227-9FEA4DB176D4}.Debug|Any CPU.ActiveCfg = Debug|Any CPU
		{0AC9C783-4740-461B-9227-9FEA4DB176D4}.Debug|Any CPU.Build.0 = Debug|Any CPU
		{0AC9C783-4740-461B-9227-9FEA4DB176D4}.Debug|Any CPU.Deploy.0 = Debug|Any CPU
		{0AC9C783-4740-461B-9227-9FEA4DB176D4}.Debug|iPhone.ActiveCfg = Debug|Any CPU
		{0AC9C783-4740-461B-9227-9FEA4DB176D4}.Debug|iPhone.Build.0 = Debug|Any CPU
		{0AC9C783-4740-461B-9227-9FEA4DB176D4}.Debug|iPhone.Deploy.0 = Debug|Any CPU
		{0AC9C783-4740-461B-9227-9FEA4DB176D4}.Debug|iPhoneSimulator.ActiveCfg = Debug|Any CPU
		{0AC9C783-4740-461B-9227-9FEA4DB176D4}.Debug|iPhoneSimulator.Build.0 = Debug|Any CPU
		{0AC9C783-4740-461B-9227-9FEA4DB176D4}.Debug|iPhoneSimulator.Deploy.0 = Debug|Any CPU
		{0AC9C783-4740-461B-9227-9FEA4DB176D4}.Release|Any CPU.ActiveCfg = Release|Any CPU
		{0AC9C783-4740-461B-9227-9FEA4DB176D4}.Release|Any CPU.Build.0 = Release|Any CPU
		{0AC9C783-4740-461B-9227-9FEA4DB176D4}.Release|Any CPU.Deploy.0 = Release|Any CPU
		{0AC9C783-4740-461B-9227-9FEA4DB176D4}.Release|iPhone.ActiveCfg = Release|Any CPU
		{0AC9C783-4740-461B-9227-9FEA4DB176D4}.Release|iPhone.Build.0 = Release|Any CPU
		{0AC9C783-4740-461B-9227-9FEA4DB176D4}.Release|iPhone.Deploy.0 = Release|Any CPU
		{0AC9C783-4740-461B-9227-9FEA4DB176D4}.Release|iPhoneSimulator.ActiveCfg = Release|Any CPU
		{0AC9C783-4740-461B-9227-9FEA4DB176D4}.Release|iPhoneSimulator.Build.0 = Release|Any CPU
		{0AC9C783-4740-461B-9227-9FEA4DB176D4}.Release|iPhoneSimulator.Deploy.0 = Release|Any CPU
	EndGlobalSection
	GlobalSection(SolutionProperties) = preSolution
		HideSolutionNode = FALSE
	EndGlobalSection
	GlobalSection(ExtensibilityGlobals) = postSolution
		SolutionGuid = {614BBDF5-817A-4921-B394-D09A522FFBDA}
	EndGlobalSection
EndGlobal
